
Microsoft Visual Studio Solution File, Format Version 12.00
# Visual Studio 15
VisualStudioVersion = 15.0.26124.0
MinimumVisualStudioVersion = 15.0.26124.0
Project("{FAE04EC0-301F-11D3-BF4B-00C04F79EFBC}") = "PizzaBox.Client", "PizzaBox.Client\PizzaBox.Client.csproj", "{99A5AA4B-8280-4585-942D-F203B2958FD3}"
EndProject
Project("{FAE04EC0-301F-11D3-BF4B-00C04F79EFBC}") = "PizzaBox.Domain", "PizzaBox.Domain\PizzaBox.Domain.csproj", "{E01A1E51-C74D-41C4-9259-6C8125CF1FF0}"
EndProject
Project("{FAE04EC0-301F-11D3-BF4B-00C04F79EFBC}") = "PizzaBox.Storing", "PizzaBox.Storing\PizzaBox.Storing.csproj", "{64B3D2B5-D3E7-478D-BEE9-2BE597FDD9B5}"
EndProject
Project("{FAE04EC0-301F-11D3-BF4B-00C04F79EFBC}") = "PizzaBox.Testing", "PizzaBox.Testing\PizzaBox.Testing.csproj", "{606D04DC-CE0E-4724-85F3-CEFA76AA139B}"
EndProject
Global
	GlobalSection(SolutionConfigurationPlatforms) = preSolution
		Debug|Any CPU = Debug|Any CPU
		Debug|x64 = Debug|x64
		Debug|x86 = Debug|x86
		Release|Any CPU = Release|Any CPU
		Release|x64 = Release|x64
		Release|x86 = Release|x86
	EndGlobalSection
	GlobalSection(SolutionProperties) = preSolution
		HideSolutionNode = FALSE
	EndGlobalSection
	GlobalSection(ProjectConfigurationPlatforms) = postSolution
		{99A5AA4B-8280-4585-942D-F203B2958FD3}.Debug|Any CPU.ActiveCfg = Debug|Any CPU
		{99A5AA4B-8280-4585-942D-F203B2958FD3}.Debug|Any CPU.Build.0 = Debug|Any CPU
		{99A5AA4B-8280-4585-942D-F203B2958FD3}.Debug|x64.ActiveCfg = Debug|Any CPU
		{99A5AA4B-8280-4585-942D-F203B2958FD3}.Debug|x64.Build.0 = Debug|Any CPU
		{99A5AA4B-8280-4585-942D-F203B2958FD3}.Debug|x86.ActiveCfg = Debug|Any CPU
		{99A5AA4B-8280-4585-942D-F203B2958FD3}.Debug|x86.Build.0 = Debug|Any CPU
		{99A5AA4B-8280-4585-942D-F203B2958FD3}.Release|Any CPU.ActiveCfg = Release|Any CPU
		{99A5AA4B-8280-4585-942D-F203B2958FD3}.Release|Any CPU.Build.0 = Release|Any CPU
		{99A5AA4B-8280-4585-942D-F203B2958FD3}.Release|x64.ActiveCfg = Release|Any CPU
		{99A5AA4B-8280-4585-942D-F203B2958FD3}.Release|x64.Build.0 = Release|Any CPU
		{99A5AA4B-8280-4585-942D-F203B2958FD3}.Release|x86.ActiveCfg = Release|Any CPU
		{99A5AA4B-8280-4585-942D-F203B2958FD3}.Release|x86.Build.0 = Release|Any CPU
		{E01A1E51-C74D-41C4-9259-6C8125CF1FF0}.Debug|Any CPU.ActiveCfg = Debug|Any CPU
		{E01A1E51-C74D-41C4-9259-6C8125CF1FF0}.Debug|Any CPU.Build.0 = Debug|Any CPU
		{E01A1E51-C74D-41C4-9259-6C8125CF1FF0}.Debug|x64.ActiveCfg = Debug|Any CPU
		{E01A1E51-C74D-41C4-9259-6C8125CF1FF0}.Debug|x64.Build.0 = Debug|Any CPU
		{E01A1E51-C74D-41C4-9259-6C8125CF1FF0}.Debug|x86.ActiveCfg = Debug|Any CPU
		{E01A1E51-C74D-41C4-9259-6C8125CF1FF0}.Debug|x86.Build.0 = Debug|Any CPU
		{E01A1E51-C74D-41C4-9259-6C8125CF1FF0}.Release|Any CPU.ActiveCfg = Release|Any CPU
		{E01A1E51-C74D-41C4-9259-6C8125CF1FF0}.Release|Any CPU.Build.0 = Release|Any CPU
		{E01A1E51-C74D-41C4-9259-6C8125CF1FF0}.Release|x64.ActiveCfg = Release|Any CPU
		{E01A1E51-C74D-41C4-9259-6C8125CF1FF0}.Release|x64.Build.0 = Release|Any CPU
		{E01A1E51-C74D-41C4-9259-6C8125CF1FF0}.Release|x86.ActiveCfg = Release|Any CPU
		{E01A1E51-C74D-41C4-9259-6C8125CF1FF0}.Release|x86.Build.0 = Release|Any CPU
		{64B3D2B5-D3E7-478D-BEE9-2BE597FDD9B5}.Debug|Any CPU.ActiveCfg = Debug|Any CPU
		{64B3D2B5-D3E7-478D-BEE9-2BE597FDD9B5}.Debug|Any CPU.Build.0 = Debug|Any CPU
		{64B3D2B5-D3E7-478D-BEE9-2BE597FDD9B5}.Debug|x64.ActiveCfg = Debug|Any CPU
		{64B3D2B5-D3E7-478D-BEE9-2BE597FDD9B5}.Debug|x64.Build.0 = Debug|Any CPU
		{64B3D2B5-D3E7-478D-BEE9-2BE597FDD9B5}.Debug|x86.ActiveCfg = Debug|Any CPU
		{64B3D2B5-D3E7-478D-BEE9-2BE597FDD9B5}.Debug|x86.Build.0 = Debug|Any CPU
		{64B3D2B5-D3E7-478D-BEE9-2BE597FDD9B5}.Release|Any CPU.ActiveCfg = Release|Any CPU
		{64B3D2B5-D3E7-478D-BEE9-2BE597FDD9B5}.Release|Any CPU.Build.0 = Release|Any CPU
		{64B3D2B5-D3E7-478D-BEE9-2BE597FDD9B5}.Release|x64.ActiveCfg = Release|Any CPU
		{64B3D2B5-D3E7-478D-BEE9-2BE597FDD9B5}.Release|x64.Build.0 = Release|Any CPU
		{64B3D2B5-D3E7-478D-BEE9-2BE597FDD9B5}.Release|x86.ActiveCfg = Release|Any CPU
		{64B3D2B5-D3E7-478D-BEE9-2BE597FDD9B5}.Release|x86.Build.0 = Release|Any CPU
		{606D04DC-CE0E-4724-85F3-CEFA76AA139B}.Debug|Any CPU.ActiveCfg = Debug|Any CPU
		{606D04DC-CE0E-4724-85F3-CEFA76AA139B}.Debug|Any CPU.Build.0 = Debug|Any CPU
		{606D04DC-CE0E-4724-85F3-CEFA76AA139B}.Debug|x64.ActiveCfg = Debug|Any CPU
		{606D04DC-CE0E-4724-85F3-CEFA76AA139B}.Debug|x64.Build.0 = Debug|Any CPU
		{606D04DC-CE0E-4724-85F3-CEFA76AA139B}.Debug|x86.ActiveCfg = Debug|Any CPU
		{606D04DC-CE0E-4724-85F3-CEFA76AA139B}.Debug|x86.Build.0 = Debug|Any CPU
		{606D04DC-CE0E-4724-85F3-CEFA76AA139B}.Release|Any CPU.ActiveCfg = Release|Any CPU
		{606D04DC-CE0E-4724-85F3-CEFA76AA139B}.Release|Any CPU.Build.0 = Release|Any CPU
		{606D04DC-CE0E-4724-85F3-CEFA76AA139B}.Release|x64.ActiveCfg = Release|Any CPU
		{606D04DC-CE0E-4724-85F3-CEFA76AA139B}.Release|x64.Build.0 = Release|Any CPU
		{606D04DC-CE0E-4724-85F3-CEFA76AA139B}.Release|x86.ActiveCfg = Release|Any CPU
		{606D04DC-CE0E-4724-85F3-CEFA76AA139B}.Release|x86.Build.0 = Release|Any CPU
	EndGlobalSection
EndGlobal
